
Microsoft Visual Studio Solution File, Format Version 12.00
# Visual Studio Version 17
VisualStudioVersion = 17.10.35027.167
MinimumVisualStudioVersion = 10.0.40219.1
Project("{9A19103F-16F7-4668-BE54-9A1E7A4F7556}") = "AdrenalineGamesEditor", "src\AdrenalineGamesEditor\AdrenalineGamesEditor.csproj", "{9197A647-13DB-4BF4-9283-05076A376AFC}"
EndProject
Project("{2150E333-8FDC-42A3-9474-1A3956D46DE8}") = "src", "src", "{4D57CD2B-0591-4EC8-941E-73915833382D}"
EndProject
Project("{9A19103F-16F7-4668-BE54-9A1E7A4F7556}") = "AdrenalineGamesEditor.Core", "src\AdrenalineGamesEditor.Core\AdrenalineGamesEditor.Core.csproj", "{E22A3C7A-0C19-4EAE-9B6F-BD76EDFB7D5C}"
EndProject
Project("{2150E333-8FDC-42A3-9474-1A3956D46DE8}") = "test", "test", "{C5E0B47A-2C26-47EB-8B5B-919E98ED3C45}"
EndProject
Project("{9A19103F-16F7-4668-BE54-9A1E7A4F7556}") = "AdrenalineGamesEditor.Core.Tests", "test\AdrenalineGamesEditor.Core.Tests\AdrenalineGamesEditor.Core.Tests.csproj", "{5D3F1585-9E40-4573-84A9-7F00A307E086}"
EndProject
Project("{FAE04EC0-301F-11D3-BF4B-00C04F79EFBC}") = "AdrenalineGamesEditor.Infrastructure", "src\AdrenalineGamesEditor.Infrastructure\AdrenalineGamesEditor.Infrastructure.csproj", "{90B072DF-208A-4735-9E0C-E597740EDBA2}"
EndProject
Global
	GlobalSection(SolutionConfigurationPlatforms) = preSolution
		Debug|ARM64 = Debug|ARM64
		Debug|x64 = Debug|x64
		Debug|x86 = Debug|x86
		Release|ARM64 = Release|ARM64
		Release|x64 = Release|x64
		Release|x86 = Release|x86
	EndGlobalSection
	GlobalSection(ProjectConfigurationPlatforms) = postSolution
		{9197A647-13DB-4BF4-9283-05076A376AFC}.Debug|ARM64.ActiveCfg = Debug|ARM64
		{9197A647-13DB-4BF4-9283-05076A376AFC}.Debug|ARM64.Build.0 = Debug|ARM64
		{9197A647-13DB-4BF4-9283-05076A376AFC}.Debug|ARM64.Deploy.0 = Debug|ARM64
		{9197A647-13DB-4BF4-9283-05076A376AFC}.Debug|x64.ActiveCfg = Debug|x64
		{9197A647-13DB-4BF4-9283-05076A376AFC}.Debug|x64.Build.0 = Debug|x64
		{9197A647-13DB-4BF4-9283-05076A376AFC}.Debug|x64.Deploy.0 = Debug|x64
		{9197A647-13DB-4BF4-9283-05076A376AFC}.Debug|x86.ActiveCfg = Debug|x86
		{9197A647-13DB-4BF4-9283-05076A376AFC}.Debug|x86.Build.0 = Debug|x86
		{9197A647-13DB-4BF4-9283-05076A376AFC}.Debug|x86.Deploy.0 = Debug|x86
		{9197A647-13DB-4BF4-9283-05076A376AFC}.Release|ARM64.ActiveCfg = Release|ARM64
		{9197A647-13DB-4BF4-9283-05076A376AFC}.Release|ARM64.Build.0 = Release|ARM64
		{9197A647-13DB-4BF4-9283-05076A376AFC}.Release|ARM64.Deploy.0 = Release|ARM64
		{9197A647-13DB-4BF4-9283-05076A376AFC}.Release|x64.ActiveCfg = Release|x64
		{9197A647-13DB-4BF4-9283-05076A376AFC}.Release|x64.Build.0 = Release|x64
		{9197A647-13DB-4BF4-9283-05076A376AFC}.Release|x64.Deploy.0 = Release|x64
		{9197A647-13DB-4BF4-9283-05076A376AFC}.Release|x86.ActiveCfg = Release|x86
		{9197A647-13DB-4BF4-9283-05076A376AFC}.Release|x86.Build.0 = Release|x86
		{9197A647-13DB-4BF4-9283-05076A376AFC}.Release|x86.Deploy.0 = Release|x86
		{E22A3C7A-0C19-4EAE-9B6F-BD76EDFB7D5C}.Debug|ARM64.ActiveCfg = Debug|ARM64
		{E22A3C7A-0C19-4EAE-9B6F-BD76EDFB7D5C}.Debug|ARM64.Build.0 = Debug|ARM64
		{E22A3C7A-0C19-4EAE-9B6F-BD76EDFB7D5C}.Debug|x64.ActiveCfg = Debug|x64
		{E22A3C7A-0C19-4EAE-9B6F-BD76EDFB7D5C}.Debug|x64.Build.0 = Debug|x64
		{E22A3C7A-0C19-4EAE-9B6F-BD76EDFB7D5C}.Debug|x86.ActiveCfg = Debug|x86
		{E22A3C7A-0C19-4EAE-9B6F-BD76EDFB7D5C}.Debug|x86.Build.0 = Debug|x86
		{E22A3C7A-0C19-4EAE-9B6F-BD76EDFB7D5C}.Release|ARM64.ActiveCfg = Release|ARM64
		{E22A3C7A-0C19-4EAE-9B6F-BD76EDFB7D5C}.Release|ARM64.Build.0 = Release|ARM64
		{E22A3C7A-0C19-4EAE-9B6F-BD76EDFB7D5C}.Release|x64.ActiveCfg = Release|x64
		{E22A3C7A-0C19-4EAE-9B6F-BD76EDFB7D5C}.Release|x64.Build.0 = Release|x64
		{E22A3C7A-0C19-4EAE-9B6F-BD76EDFB7D5C}.Release|x86.ActiveCfg = Release|x86
		{E22A3C7A-0C19-4EAE-9B6F-BD76EDFB7D5C}.Release|x86.Build.0 = Release|x86
		{5D3F1585-9E40-4573-84A9-7F00A307E086}.Debug|ARM64.ActiveCfg = Debug|ARM64
		{5D3F1585-9E40-4573-84A9-7F00A307E086}.Debug|ARM64.Build.0 = Debug|ARM64
		{5D3F1585-9E40-4573-84A9-7F00A307E086}.Debug|x64.ActiveCfg = Debug|x64
		{5D3F1585-9E40-4573-84A9-7F00A307E086}.Debug|x64.Build.0 = Debug|x64
		{5D3F1585-9E40-4573-84A9-7F00A307E086}.Debug|x86.ActiveCfg = Debug|x86
		{5D3F1585-9E40-4573-84A9-7F00A307E086}.Debug|x86.Build.0 = Debug|x86
		{5D3F1585-9E40-4573-84A9-7F00A307E086}.Release|ARM64.ActiveCfg = Release|ARM64
		{5D3F1585-9E40-4573-84A9-7F00A307E086}.Release|ARM64.Build.0 = Release|ARM64
		{5D3F1585-9E40-4573-84A9-7F00A307E086}.Release|x64.ActiveCfg = Release|x64
		{5D3F1585-9E40-4573-84A9-7F00A307E086}.Release|x64.Build.0 = Release|x64
		{5D3F1585-9E40-4573-84A9-7F00A307E086}.Release|x86.ActiveCfg = Release|x86
		{5D3F1585-9E40-4573-84A9-7F00A307E086}.Release|x86.Build.0 = Release|x86
		{90B072DF-208A-4735-9E0C-E597740EDBA2}.Debug|ARM64.ActiveCfg = Debug|ARM64
		{90B072DF-208A-4735-9E0C-E597740EDBA2}.Debug|ARM64.Build.0 = Debug|ARM64
		{90B072DF-208A-4735-9E0C-E597740EDBA2}.Debug|x64.ActiveCfg = Debug|x64
		{90B072DF-208A-4735-9E0C-E597740EDBA2}.Debug|x64.Build.0 = Debug|x64
		{90B072DF-208A-4735-9E0C-E597740EDBA2}.Debug|x86.ActiveCfg = Debug|x86
		{90B072DF-208A-4735-9E0C-E597740EDBA2}.Debug|x86.Build.0 = Debug|x86
		{90B072DF-208A-4735-9E0C-E597740EDBA2}.Release|ARM64.ActiveCfg = Release|ARM64
		{90B072DF-208A-4735-9E0C-E597740EDBA2}.Release|ARM64.Build.0 = Release|ARM64
		{90B072DF-208A-4735-9E0C-E597740EDBA2}.Release|x64.ActiveCfg = Release|x64
		{90B072DF-208A-4735-9E0C-E597740EDBA2}.Release|x64.Build.0 = Release|x64
		{90B072DF-208A-4735-9E0C-E597740EDBA2}.Release|x86.ActiveCfg = Release|x86
		{90B072DF-208A-4735-9E0C-E597740EDBA2}.Release|x86.Build.0 = Release|x86
	EndGlobalSection
	GlobalSection(SolutionProperties) = preSolution
		HideSolutionNode = FALSE
	EndGlobalSection
	GlobalSection(NestedProjects) = preSolution
		{9197A647-13DB-4BF4-9283-05076A376AFC} = {4D57CD2B-0591-4EC8-941E-73915833382D}
		{E22A3C7A-0C19-4EAE-9B6F-BD76EDFB7D5C} = {4D57CD2B-0591-4EC8-941E-73915833382D}
		{5D3F1585-9E40-4573-84A9-7F00A307E086} = {C5E0B47A-2C26-47EB-8B5B-919E98ED3C45}
		{90B072DF-208A-4735-9E0C-E597740EDBA2} = {4D57CD2B-0591-4EC8-941E-73915833382D}
	EndGlobalSection
	GlobalSection(ExtensibilityGlobals) = postSolution
		SolutionGuid = {12E0CDA4-2F42-440C-8EB9-6F00CFDC2996}
	EndGlobalSection
EndGlobal
